<?xml version="1.0" encoding="utf-8"?>
<Project ToolsVersion="4.0" xmlns="http://schemas.microsoft.com/developer/msbuild/2003">
  <ItemGroup>
    <Filter Include="Fichiers sources">
      <UniqueIdentifier>{4FC737F1-C7A5-4376-A066-2A32D752A2FF}</UniqueIdentifier>
      <Extensions>cpp;c;cc;cxx;c++;cppm;ixx;def;odl;idl;hpj;bat;asm;asmx</Extensions>
    </Filter>
    <Filter Include="Fichiers d%27en-tête">
      <UniqueIdentifier>{93995380-89BD-4b04-88EB-625FBE52EBFB}</UniqueIdentifier>
      <Extensions>h;hh;hpp;hxx;h++;hm;inl;inc;ipp;xsd</Extensions>
    </Filter>
    <Filter Include="Fichiers de ressources">
      <UniqueIdentifier>{67DA6AB6-F800-4c08-8B7A-83BB121AAD01}</UniqueIdentifier>
      <Extensions>rc;ico;cur;bmp;dlg;rc2;rct;bin;rgs;gif;jpg;jpeg;jpe;resx;tiff;tif;png;wav;mfcribbon-ms</Extensions>
    </Filter>
    <Filter Include="Manager">
      <UniqueIdentifier>{828c6374-5156-4005-aed2-75620dd92684}</UniqueIdentifier>
    </Filter>
    <Filter Include="Manager\Singleton">
      <UniqueIdentifier>{0165d15c-32a7-41cf-a6d6-d11776063b5b}</UniqueIdentifier>
    </Filter>
    <Filter Include="Manager\Texture">
      <UniqueIdentifier>{98fe8f1f-68a5-4d0b-9f2d-d59833a1be0c}</UniqueIdentifier>
    </Filter>
    <Filter Include="Object">
      <UniqueIdentifier>{c813b7e7-d608-4f24-b5cb-834e7735fe2e}</UniqueIdentifier>
    </Filter>
    <Filter Include="Game">
      <UniqueIdentifier>{de2abca0-b993-4d19-82f2-ed1bf4c2179f}</UniqueIdentifier>
    </Filter>
    <Filter Include="Core">
      <UniqueIdentifier>{4642b343-3124-4cfd-a6f8-95af7442a7bc}</UniqueIdentifier>
    </Filter>
    <Filter Include="Core\Actors">
      <UniqueIdentifier>{36a0bc45-dcf3-455c-a0d1-83bbf094f54b}</UniqueIdentifier>
    </Filter>
    <Filter Include="Core\Components">
      <UniqueIdentifier>{e6712815-f70e-4499-99e5-28fdab2a061a}</UniqueIdentifier>
    </Filter>
  </ItemGroup>
  <ItemGroup>
    <ClCompile Include="Main.cpp">
      <Filter>Fichiers sources</Filter>
    </ClCompile>
    <ClCompile Include="TextureManager.cpp">
      <Filter>Manager\Texture</Filter>
    </ClCompile>
    <ClCompile Include="ShapeObject.cpp">
      <Filter>Object</Filter>
    </ClCompile>
    <ClCompile Include="Object.cpp">
      <Filter>Object</Filter>
    </ClCompile>
    <ClCompile Include="TextObject.cpp">
      <Filter>Object</Filter>
    </ClCompile>
    <ClCompile Include="Game.cpp">
      <Filter>Game</Filter>
    </ClCompile>
    <ClCompile Include="Actor.cpp">
      <Filter>Core\Actors</Filter>
    </ClCompile>
    <ClCompile Include="Component.cpp">
      <Filter>Core\Components</Filter>
    </ClCompile>
    <ClCompile Include="Core.cpp">
      <Filter>Core</Filter>
    </ClCompile>
    <ClCompile Include="ActorManager.cpp">
      <Filter>Fichiers sources</Filter>
    </ClCompile>
    <ClCompile Include="TimerManager.cpp">
      <Filter>Fichiers sources</Filter>
    </ClCompile>
  </ItemGroup>
  <ItemGroup>
    <ClInclude Include="Singleton.h">
      <Filter>Manager\Singleton</Filter>
    </ClInclude>
    <ClInclude Include="TextureManager.h">
      <Filter>Manager\Texture</Filter>
    </ClInclude>
    <ClInclude Include="CoreMinimal.h">
      <Filter>Fichiers sources</Filter>
    </ClInclude>
    <ClInclude Include="Object.h">
      <Filter>Object</Filter>
    </ClInclude>
    <ClInclude Include="ShapeObject.h">
      <Filter>Object</Filter>
    </ClInclude>
    <ClInclude Include="TextObject.h">
      <Filter>Object</Filter>
    </ClInclude>
    <ClInclude Include="Game.h">
      <Filter>Game</Filter>
    </ClInclude>
    <ClInclude Include="Actor.h">
      <Filter>Core\Actors</Filter>
    </ClInclude>
    <ClInclude Include="Component.h">
      <Filter>Core\Components</Filter>
    </ClInclude>
    <ClInclude Include="Core.h">
      <Filter>Core</Filter>
    </ClInclude>
    <ClInclude Include="ActorManager.h">
      <Filter>Fichiers d%27en-tête</Filter>
    </ClInclude>
    <ClInclude Include="TimerManager.h">
      <Filter>Fichiers d%27en-tête</Filter>
    </ClInclude>
  </ItemGroup>
</Project>